{
  "version": 1,
  "dependencies": {
    "net9.0": {
      "bunit": {
        "type": "Direct",
        "requested": "[1.31.3, )",
        "resolved": "1.31.3",
        "contentHash": "sXX5Ny2l2sjVDXaKsEHhr3PeDnE7+LeFDPse7dYUegfV/iRCb1pGlPYj0fU/Hfiqqxd5DktAtm0Yql8NFOXTTA==",
        "dependencies": {
          "bunit.core": "1.31.3",
          "bunit.web": "1.31.3"
        }
      },
      "coverlet.collector": {
        "type": "Direct",
        "requested": "[6.0.2, )",
        "resolved": "6.0.2",
        "contentHash": "bJShQ6uWRTQ100ZeyiMqcFlhP7WJ+bCuabUs885dJiBEzMsJMSFr7BOyeCw4rgvQokteGi5rKQTlkhfQPUXg2A=="
      },
      "Microsoft.Data.Sqlite": {
        "type": "Direct",
        "requested": "[8.0.10, )",
        "resolved": "8.0.10",
        "contentHash": "WN+qgrEcXg66YHtICl0W4If9v98PBenIj/INVkJaC+wqGX/Zus3aqyv6EI17EBRsw6tcvWsKd980X5iQ7wcj1Q==",
        "dependencies": {
          "Microsoft.Data.Sqlite.Core": "8.0.10",
          "SQLitePCLRaw.bundle_e_sqlite3": "2.1.6"
        }
      },
      "Microsoft.NET.Test.Sdk": {
        "type": "Direct",
        "requested": "[17.11.1, )",
        "resolved": "17.11.1",
        "contentHash": "U3Ty4BaGoEu+T2bwSko9tWqWUOU16WzSFkq6U8zve75oRBMSLTBdMAZrVNNz1Tq12aCdDom9fcOcM9QZaFHqFg==",
        "dependencies": {
          "Microsoft.CodeCoverage": "17.11.1",
          "Microsoft.TestPlatform.TestHost": "17.11.1"
        }
      },
      "UglyToad.PdfPig": {
        "type": "Direct",
        "requested": "[1.7.0-custom-5, )",
        "resolved": "1.7.0-custom-5",
        "contentHash": "mddnoBg+XV5YZJg+lp/LlXQ9NY9/oV/MoNjLbbLHw0uTymfyuinVePQB4ff/ELRv3s6n0G7h8q3Ycb3KYg+hgQ==",
        "dependencies": {
          "UglyToad.PdfPig.Core": "1.7.0-custom-5",
          "UglyToad.PdfPig.Fonts": "1.7.0-custom-5",
          "UglyToad.PdfPig.Tokenization": "1.7.0-custom-5",
          "UglyToad.PdfPig.Tokens": "1.7.0-custom-5"
        }
      },
      "xunit": {
        "type": "Direct",
        "requested": "[2.9.2, )",
        "resolved": "2.9.2",
        "contentHash": "7LhFS2N9Z6Xgg8aE5lY95cneYivRMfRI8v+4PATa4S64D5Z/Plkg0qa8dTRHSiGRgVZ/CL2gEfJDE5AUhOX+2Q==",
        "dependencies": {
          "xunit.analyzers": "1.16.0",
          "xunit.assert": "2.9.2",
          "xunit.core": "[2.9.2]"
        }
      },
      "xunit.runner.visualstudio": {
        "type": "Direct",
        "requested": "[2.8.2, )",
        "resolved": "2.8.2",
        "contentHash": "vm1tbfXhFmjFMUmS4M0J0ASXz3/U5XvXBa6DOQUL3fEz4Vt6YPhv+ESCarx6M6D+9kJkJYZKCNvJMas1+nVfmQ=="
      },
      "AngleSharp": {
        "type": "Transitive",
        "resolved": "1.1.2",
        "contentHash": "aRFpAqixbuj1Vmqy2hsWPF0PJygo1SfjvmpBvVWZv6i+/u+C/L4wDdwFIzyCGUbjqr61NsZdPNPqDE8wlmG2qA==",
        "dependencies": {
          "System.Text.Encoding.CodePages": "8.0.0"
        }
      },
      "AngleSharp.Css": {
        "type": "Transitive",
        "resolved": "1.0.0-beta.139",
        "contentHash": "6WE6IsXtmTUe3h5dL7d0AM/WqlR3toulUcUnt9hQOZaJykjUxRE5WLAEwIjVzh1/n2vqKxjG+BCOx0ywmY0Xhg==",
        "dependencies": {
          "AngleSharp": "[1.0.0, 2.0.0)"
        }
      },
      "AngleSharp.Diffing": {
        "type": "Transitive",
        "resolved": "0.18.2",
        "contentHash": "fmUgbgu8cJIENHhRloD5PP6diPnGZVbIt7oJH1asDd7cRyVZNELsuBTjJlKv/YDEGREbVE18XQ3hh3nSla+L5A==",
        "dependencies": {
          "AngleSharp": "0.17.0",
          "AngleSharp.Css": "0.17.0"
        }
      },
      "BouncyCastle.Cryptography": {
        "type": "Transitive",
        "resolved": "2.5.1",
        "contentHash": "zy8TMeTP+1FH2NrLaNZtdRbBdq7u5MI+NFZQOBSM69u5RFkciinwzV2eveY6Kjf5MzgsYvvl6kTStsj3JrXqkg=="
      },
      "bunit.core": {
        "type": "Transitive",
        "resolved": "1.31.3",
        "contentHash": "gfA/+1gLuKHbawDggHWD61TYyOhjqXYFkggG3fzzP+MdQQQLBndk0VIoDPP41uUPWTUPlt+bXKfFb2ZUXhnuZA==",
        "dependencies": {
          "Microsoft.AspNetCore.Components": "9.0.0-preview.7.24406.2",
          "Microsoft.Extensions.Logging": "9.0.0-preview.7.24405.7",
          "Microsoft.Extensions.Logging.Abstractions": "9.0.0-preview.7.24405.7"
        }
      },
      "bunit.web": {
        "type": "Transitive",
        "resolved": "1.31.3",
        "contentHash": "+eKdSF4VAPwFoil+g/NGqoCFi9S3VMZ8sxXHbKYFXXWi5HY041eUiSrTC3Qu5ujNcLMNaSdUeeZRuWNAVu1VUQ==",
        "dependencies": {
          "AngleSharp": "1.1.2",
          "AngleSharp.Css": "1.0.0-beta.139",
          "AngleSharp.Diffing": "0.18.2",
          "Microsoft.AspNetCore.Components.Authorization": "9.0.0-preview.7.24406.2",
          "Microsoft.AspNetCore.Components.Web": "9.0.0-preview.7.24406.2",
          "Microsoft.AspNetCore.Components.WebAssembly": "9.0.0-preview.7.24406.2",
          "Microsoft.AspNetCore.Components.WebAssembly.Authentication": "9.0.0-preview.7.24406.2",
          "Microsoft.Extensions.Caching.Memory": "9.0.0-preview.7.24405.7",
          "Microsoft.Extensions.Localization.Abstractions": "9.0.0-preview.7.24406.2",
          "bunit.core": "1.31.3"
        }
      },
      "MailKit": {
        "type": "Transitive",
        "resolved": "4.13.0",
        "contentHash": "GsepEHKkaQvbAuBizlhz93yc0ihJWzVCfoerfnpCeqiKLeS6gsTKInYy3/U2wqgkGE62TKs5OKS1a90pyc+j4g==",
        "dependencies": {
          "MimeKit": "4.13.0",
          "System.Formats.Asn1": "8.0.1"
        }
      },
      "Microsoft.AspNetCore.Authorization": {
        "type": "Transitive",
        "resolved": "9.0.0-preview.7.24406.2",
        "contentHash": "ih3WfQjmbGj3Gt2Tp1Nv+ovxz5B+rm9DyWEhumdapod21ZaBv7jFwcJHdkFojEvCA/XOHexWOixnECNWA3T23Q==",
        "dependencies": {
          "Microsoft.AspNetCore.Metadata": "9.0.0-preview.7.24406.2",
          "Microsoft.Extensions.Logging.Abstractions": "9.0.0-preview.7.24405.7",
          "Microsoft.Extensions.Options": "9.0.0-preview.7.24405.7"
        }
      },
      "Microsoft.AspNetCore.Components": {
        "type": "Transitive",
        "resolved": "9.0.0-preview.7.24406.2",
        "contentHash": "T+2y/jLCjxKTYUavM8PvQSOyxPl9Ae6i3zPEsPHbHX+3HAkJVvf8vWJZ26Ua6eYvEt/JPeVVSCVe5vaXSfQ7KQ==",
        "dependencies": {
          "Microsoft.AspNetCore.Authorization": "9.0.0-preview.7.24406.2",
          "Microsoft.AspNetCore.Components.Analyzers": "9.0.0-preview.7.24406.2"
        }
      },
      "Microsoft.AspNetCore.Components.Analyzers": {
        "type": "Transitive",
        "resolved": "9.0.0-preview.7.24406.2",
        "contentHash": "ygkX9aYhVqNA9lqSsKWErVm5zSOavqdMRrJanLwbpTRkJRD13/ExVz2UgnzvksFm6XFLKJacfcG7umNuI+gR5Q=="
      },
      "Microsoft.AspNetCore.Components.Authorization": {
        "type": "Transitive",
        "resolved": "9.0.0-preview.7.24406.2",
        "contentHash": "ewMnItuCUgKns4aq06g/6oDDqyYvUMZebKlK3MHNCirHU1M+XfxMjSrNQRZ9qo25WOqU2NDO/iuuUSD8Hwr2lg==",
        "dependencies": {
          "Microsoft.AspNetCore.Authorization": "9.0.0-preview.7.24406.2",
          "Microsoft.AspNetCore.Components": "9.0.0-preview.7.24406.2"
        }
      },
      "Microsoft.AspNetCore.Components.Forms": {
        "type": "Transitive",
        "resolved": "9.0.0-preview.7.24406.2",
        "contentHash": "CjIAdJE5c38FFt5IBYfChp7AHrzsxbz977o/cEw1NzG4vQA0yqL5wUwouctLHMH9S5sMfXUV8VcrKLOp8gmRTA==",
        "dependencies": {
          "Microsoft.AspNetCore.Components": "9.0.0-preview.7.24406.2"
        }
      },
      "Microsoft.AspNetCore.Components.Web": {
        "type": "Transitive",
        "resolved": "9.0.0-preview.7.24406.2",
        "contentHash": "txhmMhwOtb681oPh9GMX7WXZl9Io9J+apkb3Qo7CHHd1A0jvt4JmYVC1+djjheZ1k7chxymMmyjUu9OqKWeSNA==",
        "dependencies": {
          "Microsoft.AspNetCore.Components": "9.0.0-preview.7.24406.2",
          "Microsoft.AspNetCore.Components.Forms": "9.0.0-preview.7.24406.2",
          "Microsoft.Extensions.DependencyInjection": "9.0.0-preview.7.24405.7",
          "Microsoft.Extensions.Primitives": "9.0.0-preview.7.24405.7",
          "Microsoft.JSInterop": "9.0.0-preview.7.24406.2"
        }
      },
      "Microsoft.AspNetCore.Components.WebAssembly": {
        "type": "Transitive",
        "resolved": "9.0.0-preview.7.24406.2",
        "contentHash": "LCPcZy7TWZb+DLwjQSn/mwSfi9VSddZm1kd8IAfwSDdwDgLYFLDtZzKfA0n8vFY4YDEfDwR/u1s6Jlc9KLDuAg==",
        "dependencies": {
          "Microsoft.AspNetCore.Components.Web": "9.0.0-preview.7.24406.2",
          "Microsoft.Extensions.Configuration.Binder": "9.0.0-preview.7.24405.7",
          "Microsoft.Extensions.Configuration.Json": "9.0.0-preview.7.24405.7",
          "Microsoft.Extensions.Logging": "9.0.0-preview.7.24405.7",
          "Microsoft.JSInterop.WebAssembly": "9.0.0-preview.7.24406.2"
        }
      },
      "Microsoft.AspNetCore.Components.WebAssembly.Authentication": {
        "type": "Transitive",
        "resolved": "9.0.0-preview.7.24406.2",
        "contentHash": "4Ia8u8LnyFbrS4RYARCFhUGpyYkezYYRMslUb+cEU7LgzS2BQcuR1/7PWAU8dDLf2GYevwYr2hpK/6egD4ft0Q==",
        "dependencies": {
          "Microsoft.AspNetCore.Components.Authorization": "9.0.0-preview.7.24406.2",
          "Microsoft.AspNetCore.Components.Web": "9.0.0-preview.7.24406.2"
        }
      },
      "Microsoft.AspNetCore.Cryptography.Internal": {
        "type": "Transitive",
        "resolved": "9.0.0",
        "contentHash": "M1dzTEl+2+RqT4vWcqEpWasPXHd58wC93U7QMlmPSmx+qixyVxCQjZ183wr7Wa68b4pF7wC501MU9rdA0ZNhMg=="
      },
      "Microsoft.AspNetCore.Cryptography.KeyDerivation": {
        "type": "Transitive",
        "resolved": "9.0.0",
        "contentHash": "9X4cx2IHNpYb9ka984BjDpJnKkindW17Z2kR/RI5pbTcbVUVMJjiAKnBhAqH24KtAEf1AU64LD60byzCn0/n8w==",
        "dependencies": {
          "Microsoft.AspNetCore.Cryptography.Internal": "9.0.0"
        }
      },
      "Microsoft.AspNetCore.Identity.EntityFrameworkCore": {
        "type": "Transitive",
        "resolved": "9.0.0",
        "contentHash": "fwQkBQGaiRKDQWBc7PXxDiDXtsUsRPL88Jp0CqjqoDhd9p5uHSyuv6g3ALq2EbCvKcWk/7pOKsJiDomPvp/ptA==",
        "dependencies": {
          "Microsoft.EntityFrameworkCore.Relational": "9.0.0",
          "Microsoft.Extensions.Identity.Stores": "9.0.0"
        }
      },
      "Microsoft.AspNetCore.Metadata": {
        "type": "Transitive",
        "resolved": "9.0.0-preview.7.24406.2",
        "contentHash": "H+HRT83pVLjBACKC8QWB6ad6Sp2+LRCx2YW1jou8tq2vbZXMj6KfOPSrsFpVKdHvdrJ7Np5qYfjOqZKMF8+nUQ=="
      },
      "Microsoft.CodeCoverage": {
        "type": "Transitive",
        "resolved": "17.11.1",
        "contentHash": "nPJqrcA5iX+Y0kqoT3a+pD/8lrW/V7ayqnEJQsTonSoPz59J8bmoQhcSN4G8+UJ64Hkuf0zuxnfuj2lkHOq4cA=="
      },
      "Microsoft.Data.Sqlite.Core": {
        "type": "Transitive",
        "resolved": "9.0.0",
        "contentHash": "cFfZjFL+tqzGYw9lB31EkV1IWF5xRQNk2k+MQd+Cf86Gl6zTeAoiZIFw5sRB1Z8OxpEC7nu+nTDsLSjieBAPTw==",
        "dependencies": {
          "SQLitePCLRaw.core": "2.1.10"
        }
      },
      "Microsoft.EntityFrameworkCore": {
        "type": "Transitive",
        "resolved": "9.0.0",
        "contentHash": "wpG+nfnfDAw87R3ovAsUmjr3MZ4tYXf6bFqEPVAIKE6IfPml3DS//iX0DBnf8kWn5ZHSO5oi1m4d/Jf+1LifJQ==",
        "dependencies": {
          "Microsoft.EntityFrameworkCore.Abstractions": "9.0.0",
          "Microsoft.EntityFrameworkCore.Analyzers": "9.0.0",
          "Microsoft.Extensions.Caching.Memory": "9.0.0",
          "Microsoft.Extensions.Logging": "9.0.0"
        }
      },
      "Microsoft.EntityFrameworkCore.Abstractions": {
        "type": "Transitive",
        "resolved": "9.0.0",
        "contentHash": "fnmifFL8KaA4ZNLCVgfjCWhZUFxkrDInx5hR4qG7Q8IEaSiy/6VOSRFyx55oH7MV4y7wM3J3EE90nSpcVBI44Q=="
      },
      "Microsoft.EntityFrameworkCore.Analyzers": {
        "type": "Transitive",
        "resolved": "9.0.0",
        "contentHash": "Qje+DzXJOKiXF72SL0XxNlDtTkvWWvmwknuZtFahY5hIQpRKO59qnGuERIQ3qlzuq5x4bAJ8WMbgU5DLhBgeOQ=="
      },
      "Microsoft.EntityFrameworkCore.Relational": {
        "type": "Transitive",
        "resolved": "9.0.0",
        "contentHash": "j+msw6fWgAE9M3Q/5B9Uhv7pdAdAQUvFPJAiBJmoy+OXvehVbfbCE8ftMAa51Uo2ZeiqVnHShhnv4Y4UJJmUzA==",
        "dependencies": {
          "Microsoft.EntityFrameworkCore": "9.0.0",
          "Microsoft.Extensions.Caching.Memory": "9.0.0",
          "Microsoft.Extensions.Configuration.Abstractions": "9.0.0",
          "Microsoft.Extensions.Logging": "9.0.0"
        }
      },
      "Microsoft.EntityFrameworkCore.Sqlite": {
        "type": "Transitive",
        "resolved": "9.0.0",
        "contentHash": "xu6dlgBO9I1WA1WdT+rUvv+ZGQ9aGRn3c246ykyuFzBX02oNYd1lk7LEVGhjBN1T49N3C9yBUHFQY8vY4JZQrw==",
        "dependencies": {
          "Microsoft.EntityFrameworkCore.Sqlite.Core": "9.0.0",
          "Microsoft.Extensions.Caching.Memory": "9.0.0",
          "Microsoft.Extensions.Configuration.Abstractions": "9.0.0",
          "Microsoft.Extensions.DependencyModel": "9.0.0",
          "Microsoft.Extensions.Logging": "9.0.0",
          "SQLitePCLRaw.bundle_e_sqlite3": "2.1.10",
          "SQLitePCLRaw.core": "2.1.10",
          "System.Text.Json": "9.0.0"
        }
      },
      "Microsoft.EntityFrameworkCore.Sqlite.Core": {
        "type": "Transitive",
        "resolved": "9.0.0",
        "contentHash": "4gmIZli/Na39mck6s/gO2n1NdOHHwNQfSWucpA+bAU5UAEMYFGMXpCR1AHoo/VJuyMkfpBxuHzkj1/xczy2vFg==",
        "dependencies": {
          "Microsoft.Data.Sqlite.Core": "9.0.0",
          "Microsoft.EntityFrameworkCore.Relational": "9.0.0",
          "Microsoft.Extensions.Caching.Memory": "9.0.0",
          "Microsoft.Extensions.Configuration.Abstractions": "9.0.0",
          "Microsoft.Extensions.DependencyModel": "9.0.0",
          "Microsoft.Extensions.Logging": "9.0.0",
          "SQLitePCLRaw.core": "2.1.10",
          "System.Text.Json": "9.0.0"
        }
      },
      "Microsoft.Extensions.Caching.Abstractions": {
        "type": "Transitive",
        "resolved": "9.0.0",
        "contentHash": "FPWZAa9c0H4dvOj351iR1jkUIs4u9ykL4Bm592yhjDyO5lCoWd+TMAHx2EMbarzUvCvgjWjJIoC6//Q9kH6YhA==",
        "dependencies": {
          "Microsoft.Extensions.Primitives": "9.0.0"
        }
      },
      "Microsoft.Extensions.Caching.Memory": {
        "type": "Transitive",
        "resolved": "9.0.0",
        "contentHash": "zbnPX/JQ0pETRSUG9fNPBvpIq42Aufvs15gGYyNIMhCun9yhmWihz0WgsI7bSDPjxWTKBf8oX/zv6v2uZ3W9OQ==",
        "dependencies": {
          "Microsoft.Extensions.Caching.Abstractions": "9.0.0",
          "Microsoft.Extensions.DependencyInjection.Abstractions": "9.0.0",
          "Microsoft.Extensions.Logging.Abstractions": "9.0.0",
          "Microsoft.Extensions.Options": "9.0.0",
          "Microsoft.Extensions.Primitives": "9.0.0"
        }
      },
      "Microsoft.Extensions.Configuration": {
        "type": "Transitive",
        "resolved": "9.0.0-preview.7.24405.7",
        "contentHash": "UZGC/QiEjoA2ew5BWe5KYWxMRICwuOvzfASzP2ExuOKQWgr2IAuvhnP3OGXOuodpBDuP3rbqIfs1JbGvBqTfXw==",
        "dependencies": {
          "Microsoft.Extensions.Configuration.Abstractions": "9.0.0-preview.7.24405.7",
          "Microsoft.Extensions.Primitives": "9.0.0-preview.7.24405.7"
        }
      },
      "Microsoft.Extensions.Configuration.Abstractions": {
        "type": "Transitive",
        "resolved": "9.0.0",
        "contentHash": "lqvd7W3FGKUO1+ZoUEMaZ5XDJeWvjpy2/M/ptCGz3tXLD4HWVaSzjufsAsjemasBEg+2SxXVtYVvGt5r2nKDlg==",
        "dependencies": {
          "Microsoft.Extensions.Primitives": "9.0.0"
        }
      },
      "Microsoft.Extensions.Configuration.Binder": {
        "type": "Transitive",
        "resolved": "9.0.0-preview.7.24405.7",
        "contentHash": "BvGWJRKXBAHh+x2/xk4ktchXnTIFMC9eclAtmS7uVM0NAW3jgeTuB4Aca3BbOgWjfxXFJTYwb3dZrvdcWWP/Uw==",
        "dependencies": {
          "Microsoft.Extensions.Configuration.Abstractions": "9.0.0-preview.7.24405.7"
        }
      },
      "Microsoft.Extensions.Configuration.FileExtensions": {
        "type": "Transitive",
        "resolved": "9.0.0-preview.7.24405.7",
        "contentHash": "hiEIABihDzHaHd6Yy1RNEyIThSr4KlvYXCmae97d87D90rmuXe4N3M1QCSIpTGR+CqAAy+6LSTjFGB7VsdMs1g==",
        "dependencies": {
          "Microsoft.Extensions.Configuration": "9.0.0-preview.7.24405.7",
          "Microsoft.Extensions.Configuration.Abstractions": "9.0.0-preview.7.24405.7",
          "Microsoft.Extensions.FileProviders.Abstractions": "9.0.0-preview.7.24405.7",
          "Microsoft.Extensions.FileProviders.Physical": "9.0.0-preview.7.24405.7",
          "Microsoft.Extensions.Primitives": "9.0.0-preview.7.24405.7"
        }
      },
      "Microsoft.Extensions.Configuration.Json": {
        "type": "Transitive",
        "resolved": "9.0.0-preview.7.24405.7",
        "contentHash": "oBZix/pVtvN56Ah04Seo/A84eX5VW9r28w6A7ldK72U59aHhErrjE43ewISaAhsMwnv/1dc0A6l7SNpzp1gURA==",
        "dependencies": {
          "Microsoft.Extensions.Configuration": "9.0.0-preview.7.24405.7",
          "Microsoft.Extensions.Configuration.Abstractions": "9.0.0-preview.7.24405.7",
          "Microsoft.Extensions.Configuration.FileExtensions": "9.0.0-preview.7.24405.7",
          "Microsoft.Extensions.FileProviders.Abstractions": "9.0.0-preview.7.24405.7",
          "System.Text.Json": "9.0.0-preview.7.24405.7"
        }
      },
      "Microsoft.Extensions.DependencyInjection": {
        "type": "Transitive",
        "resolved": "9.0.0",
        "contentHash": "MCPrg7v3QgNMr0vX4vzRXvkNGgLg8vKWX0nKCWUxu2uPyMsaRgiRc1tHBnbTcfJMhMKj2slE/j2M9oGkd25DNw==",
        "dependencies": {
          "Microsoft.Extensions.DependencyInjection.Abstractions": "9.0.0"
        }
      },
      "Microsoft.Extensions.DependencyInjection.Abstractions": {
        "type": "Transitive",
        "resolved": "9.0.0",
        "contentHash": "+6f2qv2a3dLwd5w6JanPIPs47CxRbnk+ZocMJUhv9NxP88VlOcJYZs9jY+MYSjxvady08bUZn6qgiNh7DadGgg=="
      },
      "Microsoft.Extensions.DependencyModel": {
        "type": "Transitive",
        "resolved": "9.0.0",
        "contentHash": "saxr2XzwgDU77LaQfYFXmddEDRUKHF4DaGMZkNB3qjdVSZlax3//dGJagJkKrGMIPNZs2jVFXITyCCR6UHJNdA=="
      },
      "Microsoft.Extensions.FileProviders.Abstractions": {
        "type": "Transitive",
        "resolved": "9.0.0-preview.7.24405.7",
        "contentHash": "So8OfpK9g9L1f0p8u7bCslLdR8niflrClLX7Zz4a48ITvVx5Gt7T3cYnO1lQWdlU0xl17bR4GgVi9dAHHTofwg==",
        "dependencies": {
          "Microsoft.Extensions.Primitives": "9.0.0-preview.7.24405.7"
        }
      },
      "Microsoft.Extensions.FileProviders.Physical": {
        "type": "Transitive",
        "resolved": "9.0.0-preview.7.24405.7",
        "contentHash": "9k8p0oQWnliCUMjRCM2YxFjGNX+A0a6XpyxgIc8VAUO05ecMpXk9egn1Awd1zYy1iwLqM7dCW8S/GFimOh4eog==",
        "dependencies": {
          "Microsoft.Extensions.FileProviders.Abstractions": "9.0.0-preview.7.24405.7",
          "Microsoft.Extensions.FileSystemGlobbing": "9.0.0-preview.7.24405.7",
          "Microsoft.Extensions.Primitives": "9.0.0-preview.7.24405.7"
        }
      },
      "Microsoft.Extensions.FileSystemGlobbing": {
        "type": "Transitive",
        "resolved": "9.0.0-preview.7.24405.7",
        "contentHash": "BEHNc85v3Rdux4HzkAzhfaBilMY+N5mZlvTsT08Ie+bTILRroeOip0QtiVLTVVmFjKtDu5LfQoJkFmPvjdD1HQ=="
      },
      "Microsoft.Extensions.Identity.Core": {
        "type": "Transitive",
        "resolved": "9.0.0",
        "contentHash": "+cQjUs8PIheIMALzrf/e4gW6A/yOK8XYBxeEmAfLvVIaV9lsBGvVT0zjEZ1KPQDJ9nUeQ9uAw077J7LPUwv8wA==",
        "dependencies": {
          "Microsoft.AspNetCore.Cryptography.KeyDerivation": "9.0.0",
          "Microsoft.Extensions.Logging": "9.0.0",
          "Microsoft.Extensions.Options": "9.0.0"
        }
      },
      "Microsoft.Extensions.Identity.Stores": {
        "type": "Transitive",
        "resolved": "9.0.0",
        "contentHash": "XG3opf0KgWoYAUdLRhrIvI46W+/E45Ov8rzgwr0omrq5u06MCrsuMm0nPmd+pIWjMXRxbBk1uL47zGyW1lI5Hw==",
        "dependencies": {
          "Microsoft.Extensions.Caching.Abstractions": "9.0.0",
          "Microsoft.Extensions.Identity.Core": "9.0.0",
          "Microsoft.Extensions.Logging": "9.0.0"
        }
      },
      "Microsoft.Extensions.Localization.Abstractions": {
        "type": "Transitive",
        "resolved": "9.0.0-preview.7.24406.2",
        "contentHash": "ylO0dZdU/9AHpJbCJUSxIXUG8DyhPQugr+tGKTPIfpDhZ1dgDtZ3x25INtyZsNcAFhREMrowdLNqYQ1JwdDqwA=="
      },
      "Microsoft.Extensions.Logging": {
        "type": "Transitive",
        "resolved": "9.0.0",
        "contentHash": "crjWyORoug0kK7RSNJBTeSE6VX8IQgLf3nUpTB9m62bPXp/tzbnOsnbe8TXEG0AASNaKZddnpHKw7fET8E++Pg==",
        "dependencies": {
          "Microsoft.Extensions.DependencyInjection": "9.0.0",
          "Microsoft.Extensions.Logging.Abstractions": "9.0.0",
          "Microsoft.Extensions.Options": "9.0.0"
        }
      },
      "Microsoft.Extensions.Logging.Abstractions": {
        "type": "Transitive",
        "resolved": "9.0.0",
        "contentHash": "g0UfujELzlLbHoVG8kPKVBaW470Ewi+jnptGS9KUi6jcb+k2StujtK3m26DFSGGwQ/+bVgZfsWqNzlP6YOejvw==",
        "dependencies": {
          "Microsoft.Extensions.DependencyInjection.Abstractions": "9.0.0"
        }
      },
      "Microsoft.Extensions.Options": {
        "type": "Transitive",
        "resolved": "9.0.0",
        "contentHash": "y2146b3jrPI3Q0lokKXdKLpmXqakYbDIPDV6r3M8SqvSf45WwOTzkyfDpxnZXJsJQEpAsAqjUq5Pu8RCJMjubg==",
        "dependencies": {
          "Microsoft.Extensions.DependencyInjection.Abstractions": "9.0.0",
          "Microsoft.Extensions.Primitives": "9.0.0"
        }
      },
      "Microsoft.Extensions.Primitives": {
        "type": "Transitive",
        "resolved": "9.0.0",
        "contentHash": "N3qEBzmLMYiASUlKxxFIISP4AiwuPTHF5uCh+2CWSwwzAJiIYx0kBJsS30cp1nvhSySFAVi30jecD307jV+8Kg=="
      },
      "Microsoft.JSInterop": {
        "type": "Transitive",
        "resolved": "9.0.0-preview.7.24406.2",
        "contentHash": "3yV7TeavEZedMKJqlbsDsOd4UfeHmC8eeH4zFFN26Rmbw7OM8H0BuWcvm3HgqD+x4qOVQrlmEeBausK2Ny87Ag=="
      },
      "Microsoft.JSInterop.WebAssembly": {
        "type": "Transitive",
        "resolved": "9.0.0-preview.7.24406.2",
        "contentHash": "TK859qpDeabUPryasrqAQl6N/5aksjiGUZ3ibXNbNb0T3jFpUEflUeOZsOLtNVtjPoTgh5h6rBnBbYPI3xxTgA==",
        "dependencies": {
          "Microsoft.JSInterop": "9.0.0-preview.7.24406.2"
        }
      },
      "Microsoft.TestPlatform.ObjectModel": {
        "type": "Transitive",
        "resolved": "17.11.1",
        "contentHash": "E2jZqAU6JeWEVsyOEOrSW1o1bpHLgb25ypvKNB/moBXPVsFYBPd/Jwi7OrYahG50J83LfHzezYI+GaEkpAotiA==",
        "dependencies": {
          "System.Reflection.Metadata": "1.6.0"
        }
      },
      "Microsoft.TestPlatform.TestHost": {
        "type": "Transitive",
        "resolved": "17.11.1",
        "contentHash": "DnG+GOqJXO/CkoqlJWeDFTgPhqD/V6VqUIL3vINizCWZ3X+HshCtbbyDdSHQQEjrc2Sl/K3yaxX6s+5LFEdYuw==",
        "dependencies": {
          "Microsoft.TestPlatform.ObjectModel": "17.11.1",
          "Newtonsoft.Json": "13.0.1"
        }
      },
      "MimeKit": {
        "type": "Transitive",
        "resolved": "4.13.0",
        "contentHash": "oa4JuhAzJydHnPCc/XWeyBUGd3uiVyWW0NXqOVgkXEHjbHlPVBssklK3mpw9sokjzAaBGdj0bceFsr+NXvAukA==",
        "dependencies": {
          "BouncyCastle.Cryptography": "2.5.1",
          "System.Security.Cryptography.Pkcs": "8.0.1"
        }
      },
      "Newtonsoft.Json": {
        "type": "Transitive",
        "resolved": "13.0.1",
        "contentHash": "ppPFpBcvxdsfUonNcvITKqLl3bqxWbDCZIzDWHzjpdAHRFfZe0Dw9HmA0+za13IdyrgJwpkDTDA9fHaxOrt20A=="
      },
      "SQLitePCLRaw.bundle_e_sqlite3": {
        "type": "Transitive",
        "resolved": "2.1.10",
        "contentHash": "UxWuisvZ3uVcVOLJQv7urM/JiQH+v3TmaJc1BLKl5Dxfm/nTzTUrqswCqg/INiYLi61AXnHo1M1JPmPqqLnAdg==",
        "dependencies": {
          "SQLitePCLRaw.lib.e_sqlite3": "2.1.10",
          "SQLitePCLRaw.provider.e_sqlite3": "2.1.10"
        }
      },
      "SQLitePCLRaw.core": {
        "type": "Transitive",
        "resolved": "2.1.10",
        "contentHash": "Ii8JCbC7oiVclaE/mbDEK000EFIJ+ShRPwAvvV89GOZhQ+ZLtlnSWl6ksCNMKu/VGXA4Nfi2B7LhN/QFN9oBcw==",
        "dependencies": {
          "System.Memory": "4.5.3"
        }
      },
      "SQLitePCLRaw.lib.e_sqlite3": {
        "type": "Transitive",
        "resolved": "2.1.10",
        "contentHash": "mAr69tDbnf3QJpRy2nJz8Qdpebdil00fvycyByR58Cn9eARvR+UiG2Vzsp+4q1tV3ikwiYIjlXCQFc12GfebbA=="
      },
      "SQLitePCLRaw.provider.e_sqlite3": {
        "type": "Transitive",
        "resolved": "2.1.10",
        "contentHash": "uZVTi02C1SxqzgT0HqTWatIbWGb40iIkfc3FpFCpE/r7g6K0PqzDUeefL6P6HPhDtc6BacN3yQysfzP7ks+wSQ==",
        "dependencies": {
          "SQLitePCLRaw.core": "2.1.10"
        }
      },
      "System.Formats.Asn1": {
        "type": "Transitive",
        "resolved": "8.0.1",
        "contentHash": "XqKba7Mm/koKSjKMfW82olQdmfbI5yqeoLV/tidRp7fbh5rmHAQ5raDI/7SU0swTzv+jgqtUGkzmFxuUg0it1A=="
      },
      "System.Memory": {
        "type": "Transitive",
        "resolved": "4.5.3",
        "contentHash": "3oDzvc/zzetpTKWMShs1AADwZjQ/36HnsufHRPcOjyRAAMLDlu2iD33MBI2opxnezcVUtXyqDXXjoFMOU9c7SA=="
      },
      "System.Reflection.Metadata": {
        "type": "Transitive",
        "resolved": "1.6.0",
        "contentHash": "COC1aiAJjCoA5GBF+QKL2uLqEBew4JsCkQmoHKbN3TlOZKa2fKLz5CpiRQKDz0RsAOEGsVKqOD5bomsXq/4STQ=="
      },
      "System.Security.Cryptography.Pkcs": {
        "type": "Transitive",
        "resolved": "8.0.1",
        "contentHash": "CoCRHFym33aUSf/NtWSVSZa99dkd0Hm7OCZUxORBjRB16LNhIEOf8THPqzIYlvKM0nNDAPTRBa1FxEECrgaxxA=="
      },
      "System.Text.Encoding.CodePages": {
        "type": "Transitive",
        "resolved": "8.0.0",
        "contentHash": "OZIsVplFGaVY90G2SbpgU7EnCoOO5pw1t4ic21dBF3/1omrJFpAGoNAVpPyMVOC90/hvgkGG3VFqR13YgZMQfg=="
      },
      "System.Text.Json": {
        "type": "Transitive",
        "resolved": "9.0.0",
        "contentHash": "js7+qAu/9mQvnhA4EfGMZNEzXtJCDxgkgj8ohuxq/Qxv+R56G+ljefhiJHOxTNiw54q8vmABCWUwkMulNdlZ4A=="
      },
      "UglyToad.PdfPig.Core": {
        "type": "Transitive",
        "resolved": "1.7.0-custom-5",
        "contentHash": "bChQUAYApM6/vgBis0+fBTZyAVqjXdqshjZDCgI3dgwUplfLJxXRrnkCOdNj0a6JNcF32R4aLpnGpTc9QmmVmg=="
      },
      "UglyToad.PdfPig.Fonts": {
        "type": "Transitive",
        "resolved": "1.7.0-custom-5",
        "contentHash": "Z6SBBAIL8wRkJNhXGYaz0CrHnNrNeuNtmwRbBtQUA1b3TDhRQppOmHCIuhjb6Vu/Rirp6FIOtzAU1lXsGik90w==",
        "dependencies": {
          "UglyToad.PdfPig.Core": "1.7.0-custom-5",
          "UglyToad.PdfPig.Tokenization": "1.7.0-custom-5",
          "UglyToad.PdfPig.Tokens": "1.7.0-custom-5"
        }
      },
      "UglyToad.PdfPig.Tokenization": {
        "type": "Transitive",
        "resolved": "1.7.0-custom-5",
        "contentHash": "U8VVH7VJjv6czP7qWyzDq6CRaiJQe7/sESUCL8H3kiEa3zi0l9TonIKlD/YidQ5DlgTumracii6zjLyKPEFKwA==",
        "dependencies": {
          "UglyToad.PdfPig.Core": "1.7.0-custom-5",
          "UglyToad.PdfPig.Tokens": "1.7.0-custom-5"
        }
      },
      "UglyToad.PdfPig.Tokens": {
        "type": "Transitive",
        "resolved": "1.7.0-custom-5",
        "contentHash": "m/j5RVfL4eF/OwX6ASprzK+yzD3l7xdgQ7zQPgENhjxfuXD+hj6FSeZlmxSTt9ywvWcTCjGKAILl9XTK9iQgCQ==",
        "dependencies": {
          "UglyToad.PdfPig.Core": "1.7.0-custom-5"
        }
      },
      "xunit.abstractions": {
        "type": "Transitive",
        "resolved": "2.0.3",
        "contentHash": "pot1I4YOxlWjIb5jmwvvQNbTrZ3lJQ+jUGkGjWE3hEFM0l5gOnBWS+H3qsex68s5cO52g+44vpGzhAt+42vwKg=="
      },
      "xunit.analyzers": {
        "type": "Transitive",
        "resolved": "1.16.0",
        "contentHash": "hptYM7vGr46GUIgZt21YHO4rfuBAQS2eINbFo16CV/Dqq+24Tp+P5gDCACu1AbFfW4Sp/WRfDPSK8fmUUb8s0Q=="
      },
      "xunit.assert": {
        "type": "Transitive",
        "resolved": "2.9.2",
        "contentHash": "QkNBAQG4pa66cholm28AxijBjrmki98/vsEh4Sx5iplzotvPgpiotcxqJQMRC8d7RV7nIT8ozh97957hDnZwsQ=="
      },
      "xunit.core": {
        "type": "Transitive",
        "resolved": "2.9.2",
        "contentHash": "O6RrNSdmZ0xgEn5kT927PNwog5vxTtKrWMihhhrT0Sg9jQ7iBDciYOwzBgP2krBEk5/GBXI18R1lKvmnxGcb4w==",
        "dependencies": {
          "xunit.extensibility.core": "[2.9.2]",
          "xunit.extensibility.execution": "[2.9.2]"
        }
      },
      "xunit.extensibility.core": {
        "type": "Transitive",
        "resolved": "2.9.2",
        "contentHash": "Ol+KlBJz1x8BrdnhN2DeOuLrr1I/cTwtHCggL9BvYqFuVd/TUSzxNT5O0NxCIXth30bsKxgMfdqLTcORtM52yQ==",
        "dependencies": {
          "xunit.abstractions": "2.0.3"
        }
      },
      "xunit.extensibility.execution": {
        "type": "Transitive",
        "resolved": "2.9.2",
        "contentHash": "rKMpq4GsIUIJibXuZoZ8lYp5EpROlnYaRpwu9Zr0sRZXE7JqJfEEbCsUriZqB+ByXCLFBJyjkTRULMdC+U566g==",
        "dependencies": {
          "xunit.extensibility.core": "[2.9.2]"
        }
      },
      "servantsync": {
        "type": "Project",
        "dependencies": {
          "MailKit": "[4.13.0, )",
          "Microsoft.AspNetCore.Identity.EntityFrameworkCore": "[9.0.0, )",
          "Microsoft.EntityFrameworkCore.Sqlite": "[9.0.0, )",
          "UglyToad.PdfPig": "[1.7.0-custom-5, )"
        }
      }
    }
  }
}